// !$*UTF8*$!
{
	archiveVersion = 1;
	classes = {
	};
	objectVersion = 46;
	objects = {

/* Begin PBXBuildFile section */
		DE65C39F1DF9E358006D448A /* AppDelegate.swift in Sources */ = {isa = PBXBuildFile; fileRef = DE65C39E1DF9E358006D448A /* AppDelegate.swift */; };
		DE65C3A41DF9E358006D448A /* Main.storyboard in Resources */ = {isa = PBXBuildFile; fileRef = DE65C3A21DF9E358006D448A /* Main.storyboard */; };
		DE65C3A61DF9E358006D448A /* Assets.xcassets in Resources */ = {isa = PBXBuildFile; fileRef = DE65C3A51DF9E358006D448A /* Assets.xcassets */; };
		DE65C3A91DF9E358006D448A /* LaunchScreen.storyboard in Resources */ = {isa = PBXBuildFile; fileRef = DE65C3A71DF9E358006D448A /* LaunchScreen.storyboard */; };
		DE65C3B31DF9E500006D448A /* APIManager.swift in Sources */ = {isa = PBXBuildFile; fileRef = DE65C3B21DF9E500006D448A /* APIManager.swift */; };
		DE65C3B51DF9E52F006D448A /* ElementsTableViewController.swift in Sources */ = {isa = PBXBuildFile; fileRef = DE65C3B41DF9E52F006D448A /* ElementsTableViewController.swift */; };
		DE65C3B91DF9E6AC006D448A /* Element.swift in Sources */ = {isa = PBXBuildFile; fileRef = DE65C3B81DF9E6AC006D448A /* Element.swift */; };
		DEDB98641DF9F1DE00084897 /* ElementDetailViewController.swift in Sources */ = {isa = PBXBuildFile; fileRef = DEDB98631DF9F1DE00084897 /* ElementDetailViewController.swift */; };
/* End PBXBuildFile section */

/* Begin PBXFileReference section */
		DE65C39B1DF9E358006D448A /* AC3.2-MidtermElements.app */ = {isa = PBXFileReference; explicitFileType = wrapper.application; includeInIndex = 0; path = "AC3.2-MidtermElements.app"; sourceTree = BUILT_PRODUCTS_DIR; };
		DE65C39E1DF9E358006D448A /* AppDelegate.swift */ = {isa = PBXFileReference; lastKnownFileType = sourcecode.swift; path = AppDelegate.swift; sourceTree = "<group>"; };
		DE65C3A31DF9E358006D448A /* Base */ = {isa = PBXFileReference; lastKnownFileType = file.storyboard; name = Base; path = Base.lproj/Main.storyboard; sourceTree = "<group>"; };
		DE65C3A51DF9E358006D448A /* Assets.xcassets */ = {isa = PBXFileReference; lastKnownFileType = folder.assetcatalog; path = Assets.xcassets; sourceTree = "<group>"; };
		DE65C3A81DF9E358006D448A /* Base */ = {isa = PBXFileReference; lastKnownFileType = file.storyboard; name = Base; path = Base.lproj/LaunchScreen.storyboard; sourceTree = "<group>"; };
		DE65C3AA1DF9E358006D448A /* Info.plist */ = {isa = PBXFileReference; lastKnownFileType = text.plist.xml; path = Info.plist; sourceTree = "<group>"; };
		DE65C3B21DF9E500006D448A /* APIManager.swift */ = {isa = PBXFileReference; fileEncoding = 4; lastKnownFileType = sourcecode.swift; path = APIManager.swift; sourceTree = "<group>"; };
		DE65C3B41DF9E52F006D448A /* ElementsTableViewController.swift */ = {isa = PBXFileReference; fileEncoding = 4; lastKnownFileType = sourcecode.swift; path = ElementsTableViewController.swift; sourceTree = "<group>"; };
		DE65C3B81DF9E6AC006D448A /* Element.swift */ = {isa = PBXFileReference; fileEncoding = 4; lastKnownFileType = sourcecode.swift; path = Element.swift; sourceTree = "<group>"; };
		DEDB98631DF9F1DE00084897 /* ElementDetailViewController.swift */ = {isa = PBXFileReference; fileEncoding = 4; lastKnownFileType = sourcecode.swift; path = ElementDetailViewController.swift; sourceTree = "<group>"; };
/* End PBXFileReference section */

/* Begin PBXFrameworksBuildPhase section */
		DE65C3981DF9E358006D448A /* Frameworks */ = {
			isa = PBXFrameworksBuildPhase;
			buildActionMask = 2147483647;
			files = (
			);
			runOnlyForDeploymentPostprocessing = 0;
		};
/* End PBXFrameworksBuildPhase section */

/* Begin PBXGroup section */
		DE65C3921DF9E358006D448A = {
			isa = PBXGroup;
			children = (
				DE65C39D1DF9E358006D448A /* AC3.2-MidtermElements */,
				DE65C39C1DF9E358006D448A /* Products */,
			);
			sourceTree = "<group>";
		};
		DE65C39C1DF9E358006D448A /* Products */ = {
			isa = PBXGroup;
			children = (
				DE65C39B1DF9E358006D448A /* AC3.2-MidtermElements.app */,
			);
			name = Products;
			sourceTree = "<group>";
		};
		DE65C39D1DF9E358006D448A /* AC3.2-MidtermElements */ = {
			isa = PBXGroup;
			children = (
				DE65C3BA1DF9E6B1006D448A /* Model */,
				DE65C3B61DF9E68B006D448A /* View Controllers */,
				DE65C3B71DF9E696006D448A /* Networking */,
				DE65C3BB1DF9E6CC006D448A /* UI Stuff */,
				DE65C3BC1DF9E6DB006D448A /* Supporting Files */,
			);
			path = "AC3.2-MidtermElements";
			sourceTree = "<group>";
		};
		DE65C3B61DF9E68B006D448A /* View Controllers */ = {
			isa = PBXGroup;
			children = (
				DE65C3B41DF9E52F006D448A /* ElementsTableViewController.swift */,
				DEDB98631DF9F1DE00084897 /* ElementDetailViewController.swift */,
			);
			name = "View Controllers";
			sourceTree = "<group>";
		};
		DE65C3B71DF9E696006D448A /* Networking */ = {
			isa = PBXGroup;
			children = (
				DE65C3B21DF9E500006D448A /* APIManager.swift */,
			);
			name = Networking;
			sourceTree = "<group>";
		};
		DE65C3BA1DF9E6B1006D448A /* Model */ = {
			isa = PBXGroup;
			children = (
				DE65C3B81DF9E6AC006D448A /* Element.swift */,
			);
			name = Model;
			sourceTree = "<group>";
		};
		DE65C3BB1DF9E6CC006D448A /* UI Stuff */ = {
			isa = PBXGroup;
			children = (
				DE65C3A21DF9E358006D448A /* Main.storyboard */,
				DE65C3A71DF9E358006D448A /* LaunchScreen.storyboard */,
			);
			name = "UI Stuff";
			sourceTree = "<group>";
		};
		DE65C3BC1DF9E6DB006D448A /* Supporting Files */ = {
			isa = PBXGroup;
			children = (
				DE65C39E1DF9E358006D448A /* AppDelegate.swift */,
				DE65C3A51DF9E358006D448A /* Assets.xcassets */,
				DE65C3AA1DF9E358006D448A /* Info.plist */,
			);
			name = "Supporting Files";
			sourceTree = "<group>";
		};
/* End PBXGroup section */

/* Begin PBXNativeTarget section */
		DE65C39A1DF9E358006D448A /* AC3.2-MidtermElements */ = {
			isa = PBXNativeTarget;
			buildConfigurationList = DE65C3AD1DF9E358006D448A /* Build configuration list for PBXNativeTarget "AC3.2-MidtermElements" */;
			buildPhases = (
				DE65C3971DF9E358006D448A /* Sources */,
				DE65C3981DF9E358006D448A /* Frameworks */,
				DE65C3991DF9E358006D448A /* Resources */,
			);
			buildRules = (
			);
			dependencies = (
			);
			name = "AC3.2-MidtermElements";
			productName = "AC3.2-MidtermElements";
			productReference = DE65C39B1DF9E358006D448A /* AC3.2-MidtermElements.app */;
			productType = "com.apple.product-type.application";
		};
/* End PBXNativeTarget section */

/* Begin PBXProject section */
		DE65C3931DF9E358006D448A /* Project object */ = {
			isa = PBXProject;
			attributes = {
				LastSwiftUpdateCheck = 0800;
				LastUpgradeCheck = 0800;
				ORGANIZATIONNAME = "C4Q-3.2";
				TargetAttributes = {
					DE65C39A1DF9E358006D448A = {
						CreatedOnToolsVersion = 8.0;
						ProvisioningStyle = Automatic;
					};
				};
			};
			buildConfigurationList = DE65C3961DF9E358006D448A /* Build configuration list for PBXProject "AC3.2-MidtermElements" */;
			compatibilityVersion = "Xcode 3.2";
			developmentRegion = English;
			hasScannedForEncodings = 0;
			knownRegions = (
				en,
				Base,
			);
			mainGroup = DE65C3921DF9E358006D448A;
			productRefGroup = DE65C39C1DF9E358006D448A /* Products */;
			projectDirPath = "";
			projectRoot = "";
			targets = (
				DE65C39A1DF9E358006D448A /* AC3.2-MidtermElements */,
			);
		};
/* End PBXProject section */

/* Begin PBXResourcesBuildPhase section */
		DE65C3991DF9E358006D448A /* Resources */ = {
			isa = PBXResourcesBuildPhase;
			buildActionMask = 2147483647;
			files = (
				DE65C3A91DF9E358006D448A /* LaunchScreen.storyboard in Resources */,
				DE65C3A61DF9E358006D448A /* Assets.xcassets in Resources */,
				DE65C3A41DF9E358006D448A /* Main.storyboard in Resources */,
			);
			runOnlyForDeploymentPostprocessing = 0;
		};
/* End PBXResourcesBuildPhase section */

/* Begin PBXSourcesBuildPhase section */
		DE65C3971DF9E358006D448A /* Sources */ = {
			isa = PBXSourcesBuildPhase;
			buildActionMask = 2147483647;
			files = (
				DE65C3B51DF9E52F006D448A /* ElementsTableViewController.swift in Sources */,
				DEDB98641DF9F1DE00084897 /* ElementDetailViewController.swift in Sources */,
				DE65C3B31DF9E500006D448A /* APIManager.swift in Sources */,
				DE65C3B91DF9E6AC006D448A /* Element.swift in Sources */,
				DE65C39F1DF9E358006D448A /* AppDelegate.swift in Sources */,
			);
			runOnlyForDeploymentPostprocessing = 0;
		};
/* End PBXSourcesBuildPhase section */

/* Begin PBXVariantGroup section */
		DE65C3A21DF9E358006D448A /* Main.storyboard */ = {
			isa = PBXVariantGroup;
			children = (
				DE65C3A31DF9E358006D448A /* Base */,
			);
			name = Main.storyboard;
			sourceTree = "<group>";
		};
		DE65C3A71DF9E358006D448A /* LaunchScreen.storyboard */ = {
			isa = PBXVariantGroup;
			children = (
				DE65C3A81DF9E358006D448A /* Base */,
			);
			name = LaunchScreen.storyboard;
			sourceTree = "<group>";
		};
/* End PBXVariantGroup section */

/* Begin XCBuildConfiguration section */
		DE65C3AB1DF9E358006D448A /* Debug */ = {
			isa = XCBuildConfiguration;
			buildSettings = {
				ALWAYS_SEARCH_USER_PATHS = NO;
				CLANG_ANALYZER_NONNULL = YES;
				CLANG_CXX_LANGUAGE_STANDARD = "gnu++0x";
				CLANG_CXX_LIBRARY = "libc++";
				CLANG_ENABLE_MODULES = YES;
				CLANG_ENABLE_OBJC_ARC = YES;
				CLANG_WARN_BOOL_CONVERSION = YES;
				CLANG_WARN_CONSTANT_CONVERSION = YES;
				CLANG_WARN_DIRECT_OBJC_ISA_USAGE = YES_ERROR;
				CLANG_WARN_DOCUMENTATION_COMMENTS = YES;
				CLANG_WARN_EMPTY_BODY = YES;
				CLANG_WARN_ENUM_CONVERSION = YES;
				CLANG_WARN_INFINITE_RECURSION = YES;
				CLANG_WARN_INT_CONVERSION = YES;
				CLANG_WARN_OBJC_ROOT_CLASS = YES_ERROR;
				CLANG_WARN_SUSPICIOUS_MOVES = YES;
				CLANG_WARN_UNREACHABLE_CODE = YES;
				CLANG_WARN__DUPLICATE_METHOD_MATCH = YES;
				"CODE_SIGN_IDENTITY[sdk=iphoneos*]" = "iPhone Developer";
				COPY_PHASE_STRIP = NO;
				DEBUG_INFORMATION_FORMAT = dwarf;
				ENABLE_STRICT_OBJC_MSGSEND = YES;
				ENABLE_TESTABILITY = YES;
				GCC_C_LANGUAGE_STANDARD = gnu99;
				GCC_DYNAMIC_NO_PIC = NO;
				GCC_NO_COMMON_BLOCKS = YES;
				GCC_OPTIMIZATION_LEVEL = 0;
				GCC_PREPROCESSOR_DEFINITIONS = (
					"DEBUG=1",
					"$(inherited)",
				);
				GCC_WARN_64_TO_32_BIT_CONVERSION = YES;
				GCC_WARN_ABOUT_RETURN_TYPE = YES_ERROR;
				GCC_WARN_UNDECLARED_SELECTOR = YES;
				GCC_WARN_UNINITIALIZED_AUTOS = YES_AGGRESSIVE;
				GCC_WARN_UNUSED_FUNCTION = YES;
				GCC_WARN_UNUSED_VARIABLE = YES;
				IPHONEOS_DEPLOYMENT_TARGET = 10.0;
				MTL_ENABLE_DEBUG_INFO = YES;
				ONLY_ACTIVE_ARCH = YES;
				SDKROOT = iphoneos;
				SWIFT_ACTIVE_COMPILATION_CONDITIONS = DEBUG;
				SWIFT_OPTIMIZATION_LEVEL = "-Onone";
				TARGETED_DEVICE_FAMILY = "1,2";
			};
			name = Debug;
		};
		DE65C3AC1DF9E358006D448A /* Release */ = {
			isa = XCBuildConfiguration;
			buildSettings = {
				ALWAYS_SEARCH_USER_PATHS = NO;
				CLANG_ANALYZER_NONNULL = YES;
				CLANG_CXX_LANGUAGE_STANDARD = "gnu++0x";
				CLANG_CXX_LIBRARY = "libc++";
				CLANG_ENABLE_MODULES = YES;
				CLANG_ENABLE_OBJC_ARC = YES;
				CLANG_WARN_BOOL_CONVERSION = YES;
				CLANG_WARN_CONSTANT_CONVERSION = YES;
				CLANG_WARN_DIRECT_OBJC_ISA_USAGE = YES_ERROR;
				CLANG_WARN_DOCUMENTATION_COMMENTS = YES;
				CLANG_WARN_EMPTY_BODY = YES;
				CLANG_WARN_ENUM_CONVERSION = YES;
				CLANG_WARN_INFINITE_RECURSION = YES;
				CLANG_WARN_INT_CONVERSION = YES;
				CLANG_WARN_OBJC_ROOT_CLASS = YES_ERROR;
				CLANG_WARN_SUSPICIOUS_MOVES = YES;
				CLANG_WARN_UNREACHABLE_CODE = YES;
				CLANG_WARN__DUPLICATE_METHOD_MATCH = YES;
				"CODE_SIGN_IDENTITY[sdk=iphoneos*]" = "iPhone Developer";
				COPY_PHASE_STRIP = NO;
				DEBUG_INFORMATION_FORMAT = "dwarf-with-dsym";
				ENABLE_NS_ASSERTIONS = NO;
				ENABLE_STRICT_OBJC_MSGSEND = YES;
				GCC_C_LANGUAGE_STANDARD = gnu99;
				GCC_NO_COMMON_BLOCKS = YES;
				GCC_WARN_64_TO_32_BIT_CONVERSION = YES;
				GCC_WARN_ABOUT_RETURN_TYPE = YES_ERROR;
				GCC_WARN_UNDECLARED_SELECTOR = YES;
				GCC_WARN_UNINITIALIZED_AUTOS = YES_AGGRESSIVE;
				GCC_WARN_UNUSED_FUNCTION = YES;
				GCC_WARN_UNUSED_VARIABLE = YES;
				IPHONEOS_DEPLOYMENT_TARGET = 10.0;
				MTL_ENABLE_DEBUG_INFO = NO;
				SDKROOT = iphoneos;
				SWIFT_OPTIMIZATION_LEVEL = "-Owholemodule";
				TARGETED_DEVICE_FAMILY = "1,2";
				VALIDATE_PRODUCT = YES;
			};
			name = Release;
		};
		DE65C3AE1DF9E358006D448A /* Debug */ = {
			isa = XCBuildConfiguration;
			buildSettings = {
				ASSETCATALOG_COMPILER_APPICON_NAME = AppIcon;
				INFOPLIST_FILE = "AC3.2-MidtermElements/Info.plist";
				LD_RUNPATH_SEARCH_PATHS = "$(inherited) @executable_path/Frameworks";
				PRODUCT_BUNDLE_IDENTIFIER = "c4q.TomSeymour.AC3-2-MidtermElements";
				PRODUCT_NAME = "$(TARGET_NAME)";
				SWIFT_VERSION = 3.0;
			};
			name = Debug;
		};
		DE65C3AF1DF9E358006D448A /* Release */ = {
			isa = XCBuildConfiguration;
			buildSettings = {
				ASSETCATALOG_COMPILER_APPICON_NAME = AppIcon;
				INFOPLIST_FILE = "AC3.2-MidtermElements/Info.plist";
				LD_RUNPATH_SEARCH_PATHS = "$(inherited) @executable_path/Frameworks";
				PRODUCT_BUNDLE_IDENTIFIER = "c4q.TomSeymour.AC3-2-MidtermElements";
				PRODUCT_NAME = "$(TARGET_NAME)";
				SWIFT_VERSION = 3.0;
			};
			name = Release;
		};
/* End XCBuildConfiguration section */

/* Begin XCConfigurationList section */
		DE65C3961DF9E358006D448A /* Build configuration list for PBXProject "AC3.2-MidtermElements" */ = {
			isa = XCConfigurationList;
			buildConfigurations = (
				DE65C3AB1DF9E358006D448A /* Debug */,
				DE65C3AC1DF9E358006D448A /* Release */,
			);
			defaultConfigurationIsVisible = 0;
			defaultConfigurationName = Release;
		};
		DE65C3AD1DF9E358006D448A /* Build configuration list for PBXNativeTarget "AC3.2-MidtermElements" */ = {
			isa = XCConfigurationList;
			buildConfigurations = (
				DE65C3AE1DF9E358006D448A /* Debug */,
				DE65C3AF1DF9E358006D448A /* Release */,
			);
			defaultConfigurationIsVisible = 0;
			defaultConfigurationName = Release;
		};
/* End XCConfigurationList section */
	};
	rootObject = DE65C3931DF9E358006D448A /* Project object */;
}
